
Microsoft Visual Studio Solution File, Format Version 12.00
# Visual Studio Version 17
VisualStudioVersion = 17.5.001.0
MinimumVisualStudioVersion = 10.0.40219.1
Project("{9A19103F-16F7-4668-BE54-9A1E7A4F7556}") = "C# Sharp Basic Exercises", "C# Sharp Basic Exercises.csproj", "{E49B9EA8-FD37-4DBB-89E7-C043BE698758}"
EndProject
Global
	GlobalSection(SolutionConfigurationPlatforms) = preSolution
		Debug|Any CPU = Debug|Any CPU
		Release|Any CPU = Release|Any CPU
	EndGlobalSection
	GlobalSection(ProjectConfigurationPlatforms) = postSolution
		{E49B9EA8-FD37-4DBB-89E7-C043BE698758}.Debug|Any CPU.ActiveCfg = Debug|Any CPU
		{E49B9EA8-FD37-4DBB-89E7-C043BE698758}.Debug|Any CPU.Build.0 = Debug|Any CPU
		{E49B9EA8-FD37-4DBB-89E7-C043BE698758}.Release|Any CPU.ActiveCfg = Release|Any CPU
		{E49B9EA8-FD37-4DBB-89E7-C043BE698758}.Release|Any CPU.Build.0 = Release|Any CPU
	EndGlobalSection
	GlobalSection(SolutionProperties) = preSolution
		HideSolutionNode = FALSE
	EndGlobalSection
	GlobalSection(ExtensibilityGlobals) = postSolution
		SolutionGuid = {F7FC63C2-DE66-4DDC-A935-EE338E106759}
	EndGlobalSection
EndGlobal
